// !$*UTF8*$!
{
	archiveVersion = 1;
	classes = {
	};
	objectVersion = 46;
	objects = {

/* Begin PBXBuildFile section */
		DC1607FD1AF84B0800C0E891 /* main.m in Sources */ = {isa = PBXBuildFile; fileRef = DC1607FC1AF84B0800C0E891 /* main.m */; };
		DC1608001AF84B0800C0E891 /* PIDemoAppDelegate.m in Sources */ = {isa = PBXBuildFile; fileRef = DC1607FF1AF84B0800C0E891 /* PIDemoAppDelegate.m */; };
		DC1608031AF84B0800C0E891 /* PIDemoViewController.m in Sources */ = {isa = PBXBuildFile; fileRef = DC1608021AF84B0800C0E891 /* PIDemoViewController.m */; };
		DC1608061AF84B0800C0E891 /* Main.storyboard in Resources */ = {isa = PBXBuildFile; fileRef = DC1608041AF84B0800C0E891 /* Main.storyboard */; };
		DC1608081AF84B0800C0E891 /* Images.xcassets in Resources */ = {isa = PBXBuildFile; fileRef = DC1608071AF84B0800C0E891 /* Images.xcassets */; };
		DC16080B1AF84B0800C0E891 /* LaunchScreen.xib in Resources */ = {isa = PBXBuildFile; fileRef = DC1608091AF84B0800C0E891 /* LaunchScreen.xib */; };
		DC1608171AF84B0800C0E891 /* kiwi_blocks_demoTests.m in Sources */ = {isa = PBXBuildFile; fileRef = DC1608161AF84B0800C0E891 /* kiwi_blocks_demoTests.m */; };
/* End PBXBuildFile section */

/* Begin PBXContainerItemProxy section */
		DC1608111AF84B0800C0E891 /* PBXContainerItemProxy */ = {
			isa = PBXContainerItemProxy;
			containerPortal = DC1607EF1AF84B0700C0E891 /* Project object */;
			proxyType = 1;
			remoteGlobalIDString = DC1607F61AF84B0800C0E891;
			remoteInfo = "kiwi-blocks-demo";
		};
/* End PBXContainerItemProxy section */

/* Begin PBXFileReference section */
		DC1607F71AF84B0800C0E891 /* kiwi-blocks-demo.app */ = {isa = PBXFileReference; explicitFileType = wrapper.application; includeInIndex = 0; path = "kiwi-blocks-demo.app"; sourceTree = BUILT_PRODUCTS_DIR; };
		DC1607FB1AF84B0800C0E891 /* Info.plist */ = {isa = PBXFileReference; lastKnownFileType = text.plist.xml; path = Info.plist; sourceTree = "<group>"; };
		DC1607FC1AF84B0800C0E891 /* main.m */ = {isa = PBXFileReference; lastKnownFileType = sourcecode.c.objc; path = main.m; sourceTree = "<group>"; };
		DC1607FE1AF84B0800C0E891 /* PIDemoAppDelegate.h */ = {isa = PBXFileReference; lastKnownFileType = sourcecode.c.h; path = PIDemoAppDelegate.h; sourceTree = "<group>"; };
		DC1607FF1AF84B0800C0E891 /* PIDemoAppDelegate.m */ = {isa = PBXFileReference; lastKnownFileType = sourcecode.c.objc; path = PIDemoAppDelegate.m; sourceTree = "<group>"; };
		DC1608011AF84B0800C0E891 /* PIDemoViewController.h */ = {isa = PBXFileReference; lastKnownFileType = sourcecode.c.h; path = PIDemoViewController.h; sourceTree = "<group>"; };
		DC1608021AF84B0800C0E891 /* PIDemoViewController.m */ = {isa = PBXFileReference; lastKnownFileType = sourcecode.c.objc; path = PIDemoViewController.m; sourceTree = "<group>"; };
		DC1608051AF84B0800C0E891 /* Base */ = {isa = PBXFileReference; lastKnownFileType = file.storyboard; name = Base; path = Base.lproj/Main.storyboard; sourceTree = "<group>"; };
		DC1608071AF84B0800C0E891 /* Images.xcassets */ = {isa = PBXFileReference; lastKnownFileType = folder.assetcatalog; path = Images.xcassets; sourceTree = "<group>"; };
		DC16080A1AF84B0800C0E891 /* Base */ = {isa = PBXFileReference; lastKnownFileType = file.xib; name = Base; path = Base.lproj/LaunchScreen.xib; sourceTree = "<group>"; };
		DC1608101AF84B0800C0E891 /* kiwi-blocks-demoTests.xctest */ = {isa = PBXFileReference; explicitFileType = wrapper.cfbundle; includeInIndex = 0; path = "kiwi-blocks-demoTests.xctest"; sourceTree = BUILT_PRODUCTS_DIR; };
		DC1608151AF84B0800C0E891 /* Info.plist */ = {isa = PBXFileReference; lastKnownFileType = text.plist.xml; path = Info.plist; sourceTree = "<group>"; };
		DC1608161AF84B0800C0E891 /* kiwi_blocks_demoTests.m */ = {isa = PBXFileReference; lastKnownFileType = sourcecode.c.objc; path = kiwi_blocks_demoTests.m; sourceTree = "<group>"; };
/* End PBXFileReference section */

/* Begin PBXFrameworksBuildPhase section */
		DC1607F41AF84B0800C0E891 /* Frameworks */ = {
			isa = PBXFrameworksBuildPhase;
			buildActionMask = 2147483647;
			files = (
			);
			runOnlyForDeploymentPostprocessing = 0;
		};
		DC16080D1AF84B0800C0E891 /* Frameworks */ = {
			isa = PBXFrameworksBuildPhase;
			buildActionMask = 2147483647;
			files = (
			);
			runOnlyForDeploymentPostprocessing = 0;
		};
/* End PBXFrameworksBuildPhase section */

/* Begin PBXGroup section */
		DC1607EE1AF84B0700C0E891 = {
			isa = PBXGroup;
			children = (
				DC1607F91AF84B0800C0E891 /* kiwi-blocks-demo */,
				DC1608131AF84B0800C0E891 /* kiwi-blocks-demoTests */,
				DC1607F81AF84B0800C0E891 /* Products */,
			);
			sourceTree = "<group>";
		};
		DC1607F81AF84B0800C0E891 /* Products */ = {
			isa = PBXGroup;
			children = (
				DC1607F71AF84B0800C0E891 /* kiwi-blocks-demo.app */,
				DC1608101AF84B0800C0E891 /* kiwi-blocks-demoTests.xctest */,
			);
			name = Products;
			sourceTree = "<group>";
		};
		DC1607F91AF84B0800C0E891 /* kiwi-blocks-demo */ = {
			isa = PBXGroup;
			children = (
				DC1607FE1AF84B0800C0E891 /* PIDemoAppDelegate.h */,
				DC1607FF1AF84B0800C0E891 /* PIDemoAppDelegate.m */,
				DC1608011AF84B0800C0E891 /* PIDemoViewController.h */,
				DC1608021AF84B0800C0E891 /* PIDemoViewController.m */,
				DC1608041AF84B0800C0E891 /* Main.storyboard */,
				DC1608071AF84B0800C0E891 /* Images.xcassets */,
				DC1608091AF84B0800C0E891 /* LaunchScreen.xib */,
				DC1607FA1AF84B0800C0E891 /* Supporting Files */,
			);
			path = "kiwi-blocks-demo";
			sourceTree = "<group>";
		};
		DC1607FA1AF84B0800C0E891 /* Supporting Files */ = {
			isa = PBXGroup;
			children = (
				DC1607FB1AF84B0800C0E891 /* Info.plist */,
				DC1607FC1AF84B0800C0E891 /* main.m */,
			);
			name = "Supporting Files";
			sourceTree = "<group>";
		};
		DC1608131AF84B0800C0E891 /* kiwi-blocks-demoTests */ = {
			isa = PBXGroup;
			children = (
				DC1608161AF84B0800C0E891 /* kiwi_blocks_demoTests.m */,
				DC1608141AF84B0800C0E891 /* Supporting Files */,
			);
			path = "kiwi-blocks-demoTests";
			sourceTree = "<group>";
		};
		DC1608141AF84B0800C0E891 /* Supporting Files */ = {
			isa = PBXGroup;
			children = (
				DC1608151AF84B0800C0E891 /* Info.plist */,
			);
			name = "Supporting Files";
			sourceTree = "<group>";
		};
/* End PBXGroup section */

/* Begin PBXNativeTarget section */
		DC1607F61AF84B0800C0E891 /* kiwi-blocks-demo */ = {
			isa = PBXNativeTarget;
			buildConfigurationList = DC16081A1AF84B0800C0E891 /* Build configuration list for PBXNativeTarget "kiwi-blocks-demo" */;
			buildPhases = (
				DC1607F31AF84B0800C0E891 /* Sources */,
				DC1607F41AF84B0800C0E891 /* Frameworks */,
				DC1607F51AF84B0800C0E891 /* Resources */,
			);
			buildRules = (
			);
			dependencies = (
			);
			name = "kiwi-blocks-demo";
			productName = "kiwi-blocks-demo";
			productReference = DC1607F71AF84B0800C0E891 /* kiwi-blocks-demo.app */;
			productType = "com.apple.product-type.application";
		};
		DC16080F1AF84B0800C0E891 /* kiwi-blocks-demoTests */ = {
			isa = PBXNativeTarget;
			buildConfigurationList = DC16081D1AF84B0800C0E891 /* Build configuration list for PBXNativeTarget "kiwi-blocks-demoTests" */;
			buildPhases = (
				DC16080C1AF84B0800C0E891 /* Sources */,
				DC16080D1AF84B0800C0E891 /* Frameworks */,
				DC16080E1AF84B0800C0E891 /* Resources */,
			);
			buildRules = (
			);
			dependencies = (
				DC1608121AF84B0800C0E891 /* PBXTargetDependency */,
			);
			name = "kiwi-blocks-demoTests";
			productName = "kiwi-blocks-demoTests";
			productReference = DC1608101AF84B0800C0E891 /* kiwi-blocks-demoTests.xctest */;
			productType = "com.apple.product-type.bundle.unit-test";
		};
/* End PBXNativeTarget section */

/* Begin PBXProject section */
		DC1607EF1AF84B0700C0E891 /* Project object */ = {
			isa = PBXProject;
			attributes = {
				CLASSPREFIX = PIDemo;
				LastUpgradeCheck = 0630;
				ORGANIZATIONNAME = "Prolific Interactive";
				TargetAttributes = {
					DC1607F61AF84B0800C0E891 = {
						CreatedOnToolsVersion = 6.3.1;
					};
					DC16080F1AF84B0800C0E891 = {
						CreatedOnToolsVersion = 6.3.1;
						TestTargetID = DC1607F61AF84B0800C0E891;
					};
				};
			};
			buildConfigurationList = DC1607F21AF84B0700C0E891 /* Build configuration list for PBXProject "kiwi-blocks-demo" */;
			compatibilityVersion = "Xcode 3.2";
			developmentRegion = English;
			hasScannedForEncodings = 0;
			knownRegions = (
				en,
				Base,
			);
			mainGroup = DC1607EE1AF84B0700C0E891;
			productRefGroup = DC1607F81AF84B0800C0E891 /* Products */;
			projectDirPath = "";
			projectRoot = "";
			targets = (
				DC1607F61AF84B0800C0E891 /* kiwi-blocks-demo */,
				DC16080F1AF84B0800C0E891 /* kiwi-blocks-demoTests */,
			);
		};
/* End PBXProject section */

/* Begin PBXResourcesBuildPhase section */
		DC1607F51AF84B0800C0E891 /* Resources */ = {
			isa = PBXResourcesBuildPhase;
			buildActionMask = 2147483647;
			files = (
				DC1608061AF84B0800C0E891 /* Main.storyboard in Resources */,
				DC16080B1AF84B0800C0E891 /* LaunchScreen.xib in Resources */,
				DC1608081AF84B0800C0E891 /* Images.xcassets in Resources */,
			);
			runOnlyForDeploymentPostprocessing = 0;
		};
		DC16080E1AF84B0800C0E891 /* Resources */ = {
			isa = PBXResourcesBuildPhase;
			buildActionMask = 2147483647;
			files = (
			);
			runOnlyForDeploymentPostprocessing = 0;
		};
/* End PBXResourcesBuildPhase section */

/* Begin PBXSourcesBuildPhase section */
		DC1607F31AF84B0800C0E891 /* Sources */ = {
			isa = PBXSourcesBuildPhase;
			buildActionMask = 2147483647;
			files = (
				DC1608031AF84B0800C0E891 /* PIDemoViewController.m in Sources */,
				DC1608001AF84B0800C0E891 /* PIDemoAppDelegate.m in Sources */,
				DC1607FD1AF84B0800C0E891 /* main.m in Sources */,
			);
			runOnlyForDeploymentPostprocessing = 0;
		};
		DC16080C1AF84B0800C0E891 /* Sources */ = {
			isa = PBXSourcesBuildPhase;
			buildActionMask = 2147483647;
			files = (
				DC1608171AF84B0800C0E891 /* kiwi_blocks_demoTests.m in Sources */,
			);
			runOnlyForDeploymentPostprocessing = 0;
		};
/* End PBXSourcesBuildPhase section */

/* Begin PBXTargetDependency section */
		DC1608121AF84B0800C0E891 /* PBXTargetDependency */ = {
			isa = PBXTargetDependency;
			target = DC1607F61AF84B0800C0E891 /* kiwi-blocks-demo */;
			targetProxy = DC1608111AF84B0800C0E891 /* PBXContainerItemProxy */;
		};
/* End PBXTargetDependency section */

/* Begin PBXVariantGroup section */
		DC1608041AF84B0800C0E891 /* Main.storyboard */ = {
			isa = PBXVariantGroup;
			children = (
				DC1608051AF84B0800C0E891 /* Base */,
			);
			name = Main.storyboard;
			sourceTree = "<group>";
		};
		DC1608091AF84B0800C0E891 /* LaunchScreen.xib */ = {
			isa = PBXVariantGroup;
			children = (
				DC16080A1AF84B0800C0E891 /* Base */,
			);
			name = LaunchScreen.xib;
			sourceTree = "<group>";
		};
/* End PBXVariantGroup section */

/* Begin XCBuildConfiguration section */
		DC1608181AF84B0800C0E891 /* Debug */ = {
			isa = XCBuildConfiguration;
			buildSettings = {
				ALWAYS_SEARCH_USER_PATHS = NO;
				CLANG_CXX_LANGUAGE_STANDARD = "gnu++0x";
				CLANG_CXX_LIBRARY = "libc++";
				CLANG_ENABLE_MODULES = YES;
				CLANG_ENABLE_OBJC_ARC = YES;
				CLANG_WARN_BOOL_CONVERSION = YES;
				CLANG_WARN_CONSTANT_CONVERSION = YES;
				CLANG_WARN_DIRECT_OBJC_ISA_USAGE = YES_ERROR;
				CLANG_WARN_EMPTY_BODY = YES;
				CLANG_WARN_ENUM_CONVERSION = YES;
				CLANG_WARN_INT_CONVERSION = YES;
				CLANG_WARN_OBJC_ROOT_CLASS = YES_ERROR;
				CLANG_WARN_UNREACHABLE_CODE = YES;
				CLANG_WARN__DUPLICATE_METHOD_MATCH = YES;
				"CODE_SIGN_IDENTITY[sdk=iphoneos*]" = "iPhone Developer";
				COPY_PHASE_STRIP = NO;
				DEBUG_INFORMATION_FORMAT = "dwarf-with-dsym";
				ENABLE_STRICT_OBJC_MSGSEND = YES;
				GCC_C_LANGUAGE_STANDARD = gnu99;
				GCC_DYNAMIC_NO_PIC = NO;
				GCC_NO_COMMON_BLOCKS = YES;
				GCC_OPTIMIZATION_LEVEL = 0;
				GCC_PREPROCESSOR_DEFINITIONS = (
					"DEBUG=1",
					"$(inherited)",
				);
				GCC_SYMBOLS_PRIVATE_EXTERN = NO;
				GCC_WARN_64_TO_32_BIT_CONVERSION = YES;
				GCC_WARN_ABOUT_RETURN_TYPE = YES_ERROR;
				GCC_WARN_UNDECLARED_SELECTOR = YES;
				GCC_WARN_UNINITIALIZED_AUTOS = YES_AGGRESSIVE;
				GCC_WARN_UNUSED_FUNCTION = YES;
				GCC_WARN_UNUSED_VARIABLE = YES;
				IPHONEOS_DEPLOYMENT_TARGET = 7.0;
				MTL_ENABLE_DEBUG_INFO = YES;
				ONLY_ACTIVE_ARCH = YES;
				SDKROOT = iphoneos;
				TARGETED_DEVICE_FAMILY = "1,2";
			};
			name = Debug;
		};
		DC1608191AF84B0800C0E891 /* Release */ = {
			isa = XCBuildConfiguration;
			buildSettings = {
				ALWAYS_SEARCH_USER_PATHS = NO;
				CLANG_CXX_LANGUAGE_STANDARD = "gnu++0x";
				CLANG_CXX_LIBRARY = "libc++";
				CLANG_ENABLE_MODULES = YES;
				CLANG_ENABLE_OBJC_ARC = YES;
				CLANG_WARN_BOOL_CONVERSION = YES;
				CLANG_WARN_CONSTANT_CONVERSION = YES;
				CLANG_WARN_DIRECT_OBJC_ISA_USAGE = YES_ERROR;
				CLANG_WARN_EMPTY_BODY = YES;
				CLANG_WARN_ENUM_CONVERSION = YES;
				CLANG_WARN_INT_CONVERSION = YES;
				CLANG_WARN_OBJC_ROOT_CLASS = YES_ERROR;
				CLANG_WARN_UNREACHABLE_CODE = YES;
				CLANG_WARN__DUPLICATE_METHOD_MATCH = YES;
				"CODE_SIGN_IDENTITY[sdk=iphoneos*]" = "iPhone Developer";
				COPY_PHASE_STRIP = NO;
				DEBUG_INFORMATION_FORMAT = "dwarf-with-dsym";
				ENABLE_NS_ASSERTIONS = NO;
				ENABLE_STRICT_OBJC_MSGSEND = YES;
				GCC_C_LANGUAGE_STANDARD = gnu99;
				GCC_NO_COMMON_BLOCKS = YES;
				GCC_WARN_64_TO_32_BIT_CONVERSION = YES;
				GCC_WARN_ABOUT_RETURN_TYPE = YES_ERROR;
				GCC_WARN_UNDECLARED_SELECTOR = YES;
				GCC_WARN_UNINITIALIZED_AUTOS = YES_AGGRESSIVE;
				GCC_WARN_UNUSED_FUNCTION = YES;
				GCC_WARN_UNUSED_VARIABLE = YES;
				IPHONEOS_DEPLOYMENT_TARGET = 7.0;
				MTL_ENABLE_DEBUG_INFO = NO;
				SDKROOT = iphoneos;
				TARGETED_DEVICE_FAMILY = "1,2";
				VALIDATE_PRODUCT = YES;
			};
			name = Release;
		};
		DC16081B1AF84B0800C0E891 /* Debug */ = {
			isa = XCBuildConfiguration;
			buildSettings = {
				ASSETCATALOG_COMPILER_APPICON_NAME = AppIcon;
				ASSETCATALOG_COMPILER_LAUNCHIMAGE_NAME = LaunchImage;
				GCC_TREAT_WARNINGS_AS_ERRORS = YES;
				INFOPLIST_FILE = "kiwi-blocks-demo/Info.plist";
				LD_RUNPATH_SEARCH_PATHS = "$(inherited) @executable_path/Frameworks";
				PRODUCT_NAME = "$(TARGET_NAME)";
			};
			name = Debug;
		};
		DC16081C1AF84B0800C0E891 /* Release */ = {
			isa = XCBuildConfiguration;
			buildSettings = {
				ASSETCATALOG_COMPILER_APPICON_NAME = AppIcon;
				ASSETCATALOG_COMPILER_LAUNCHIMAGE_NAME = LaunchImage;
				GCC_TREAT_WARNINGS_AS_ERRORS = YES;
				INFOPLIST_FILE = "kiwi-blocks-demo/Info.plist";
				LD_RUNPATH_SEARCH_PATHS = "$(inherited) @executable_path/Frameworks";
				PRODUCT_NAME = "$(TARGET_NAME)";
			};
			name = Release;
		};
		DC16081E1AF84B0800C0E891 /* Debug */ = {
			isa = XCBuildConfiguration;
			buildSettings = {
				BUNDLE_LOADER = "$(TEST_HOST)";
				FRAMEWORK_SEARCH_PATHS = (
					"$(SDKROOT)/Developer/Library/Frameworks",
					"$(inherited)",
				);
				GCC_PREPROCESSOR_DEFINITIONS = (
					"DEBUG=1",
					"$(inherited)",
				);
				INFOPLIST_FILE = "kiwi-blocks-demoTests/Info.plist";
				LD_RUNPATH_SEARCH_PATHS = "$(inherited) @executable_path/Frameworks @loader_path/Frameworks";
				PRODUCT_NAME = "$(TARGET_NAME)";
				TEST_HOST = "$(BUILT_PRODUCTS_DIR)/kiwi-blocks-demo.app/kiwi-blocks-demo";
			};
			name = Debug;
		};
		DC16081F1AF84B0800C0E891 /* Release */ = {
			isa = XCBuildConfiguration;
			buildSettings = {
				BUNDLE_LOADER = "$(TEST_HOST)";
				FRAMEWORK_SEARCH_PATHS = (
					"$(SDKROOT)/Developer/Library/Frameworks",
					"$(inherited)",
				);
				INFOPLIST_FILE = "kiwi-blocks-demoTests/Info.plist";
				LD_RUNPATH_SEARCH_PATHS = "$(inherited) @executable_path/Frameworks @loader_path/Frameworks";
				PRODUCT_NAME = "$(TARGET_NAME)";
				TEST_HOST = "$(BUILT_PRODUCTS_DIR)/kiwi-blocks-demo.app/kiwi-blocks-demo";
			};
			name = Release;
		};
/* End XCBuildConfiguration section */

/* Begin XCConfigurationList section */
		DC1607F21AF84B0700C0E891 /* Build configuration list for PBXProject "kiwi-blocks-demo" */ = {
			isa = XCConfigurationList;
			buildConfigurations = (
				DC1608181AF84B0800C0E891 /* Debug */,
				DC1608191AF84B0800C0E891 /* Release */,
			);
			defaultConfigurationIsVisible = 0;
			defaultConfigurationName = Release;
		};
		DC16081A1AF84B0800C0E891 /* Build configuration list for PBXNativeTarget "kiwi-blocks-demo" */ = {
			isa = XCConfigurationList;
			buildConfigurations = (
				DC16081B1AF84B0800C0E891 /* Debug */,
				DC16081C1AF84B0800C0E891 /* Release */,
			);
			defaultConfigurationIsVisible = 0;
			defaultConfigurationName = Release;
		};
		DC16081D1AF84B0800C0E891 /* Build configuration list for PBXNativeTarget "kiwi-blocks-demoTests" */ = {
			isa = XCConfigurationList;
			buildConfigurations = (
				DC16081E1AF84B0800C0E891 /* Debug */,
				DC16081F1AF84B0800C0E891 /* Release */,
			);
			defaultConfigurationIsVisible = 0;
			defaultConfigurationName = Release;
		};
/* End XCConfigurationList section */
	};
	rootObject = DC1607EF1AF84B0700C0E891 /* Project object */;
}
